
Microsoft Visual Studio Solution File, Format Version 12.00
# Visual Studio Version 17
VisualStudioVersion = 17.6.33717.318
MinimumVisualStudioVersion = 10.0.40219.1
Project("{9A19103F-16F7-4668-BE54-9A1E7A4F7556}") = "Diffie", "Diffie\Diffie.csproj", "{3449FDDE-D4AC-46A5-BD60-E6E92B7B5572}"
EndProject
Project("{2150E333-8FDC-42A3-9474-1A3956D46DE8}") = "Solution Items", "Solution Items", "{50355CEB-0AD1-49B1-9B44-E3E973B36EA6}"
EndProject
Global
	GlobalSection(SolutionConfigurationPlatforms) = preSolution
		Debug|Any CPU = Debug|Any CPU
		Release|Any CPU = Release|Any CPU
	EndGlobalSection
	GlobalSection(ProjectConfigurationPlatforms) = postSolution
		{3449FDDE-D4AC-46A5-BD60-E6E92B7B5572}.Debug|Any CPU.ActiveCfg = Debug|Any CPU
		{3449FDDE-D4AC-46A5-BD60-E6E92B7B5572}.Debug|Any CPU.Build.0 = Debug|Any CPU
		{3449FDDE-D4AC-46A5-BD60-E6E92B7B5572}.Release|Any CPU.ActiveCfg = Release|Any CPU
		{3449FDDE-D4AC-46A5-BD60-E6E92B7B5572}.Release|Any CPU.Build.0 = Release|Any CPU
	EndGlobalSection
	GlobalSection(SolutionProperties) = preSolution
		HideSolutionNode = FALSE
	EndGlobalSection
	GlobalSection(ExtensibilityGlobals) = postSolution
		SolutionGuid = {5457A9DC-1A97-4A95-B816-288FFAF4B188}
	EndGlobalSection
EndGlobal
